
Microsoft Visual Studio Solution File, Format Version 12.00
# Visual Studio Version 17
VisualStudioVersion = 17.14.37516.0
MinimumVisualStudioVersion = 10.0.40219.1
Project("{FAE04EC0-301F-11D3-BF4B-00C04F79EFBC}") = "Zmotion", "Zmotion\Zmotion.csproj", "{549D9156-DFF9-4DBE-9BD4-BA3C035879A8}"
EndProject
Project("{FAE04EC0-301F-11D3-BF4B-00C04F79EFBC}") = "LogProject", "LogProject\LogProject.csproj", "{B2A88348-8387-49AA-A8D2-56037F7B4DD9}"
EndProject
Global
	GlobalSection(SolutionConfigurationPlatforms) = preSolution
		Debug|Any CPU = Debug|Any CPU
		Release|Any CPU = Release|Any CPU
	EndGlobalSection
	GlobalSection(ProjectConfigurationPlatforms) = postSolution
		{549D9156-DFF9-4DBE-9BD4-BA3C035879A8}.Debug|Any CPU.ActiveCfg = Debug|Any CPU
		{549D9156-DFF9-4DBE-9BD4-BA3C035879A8}.Debug|Any CPU.Build.0 = Debug|Any CPU
		{549D9156-DFF9-4DBE-9BD4-BA3C035879A8}.Release|Any CPU.ActiveCfg = Release|Any CPU
		{549D9156-DFF9-4DBE-9BD4-BA3C035879A8}.Release|Any CPU.Build.0 = Release|Any CPU
		{B2A88348-8387-49AA-A8D2-56037F7B4DD9}.Debug|Any CPU.ActiveCfg = Debug|Any CPU
		{B2A88348-8387-49AA-A8D2-56037F7B4DD9}.Debug|Any CPU.Build.0 = Debug|Any CPU
		{B2A88348-8387-49AA-A8D2-56037F7B4DD9}.Release|Any CPU.ActiveCfg = Release|Any CPU
		{B2A88348-8387-49AA-A8D2-56037F7B4DD9}.Release|Any CPU.Build.0 = Release|Any CPU
	EndGlobalSection
	GlobalSection(SolutionProperties) = preSolution
		HideSolutionNode = FALSE
	EndGlobalSection
	GlobalSection(ExtensibilityGlobals) = postSolution
		SolutionGuid = {64ED512B-3E6E-465B-9DDD-2E7EEE25515B}
	EndGlobalSection
EndGlobal
